
Microsoft Visual Studio Solution File, Format Version 12.00
# Visual Studio Version 16
VisualStudioVersion = 16.0.31729.503
MinimumVisualStudioVersion = 10.0.40219.1
Project("{FAE04EC0-301F-11D3-BF4B-00C04F79EFBC}") = "OnlineShop", "OnlineShop\OnlineShop.csproj", "{A8FD8BBF-A621-492B-9BC0-C849E0DDD70C}"
EndProject
Global
	GlobalSection(SolutionConfigurationPlatforms) = preSolution
		Debug|Any CPU = Debug|Any CPU
		Release|Any CPU = Release|Any CPU
	EndGlobalSection
	GlobalSection(ProjectConfigurationPlatforms) = postSolution
		{A8FD8BBF-A621-492B-9BC0-C849E0DDD70C}.Debug|Any CPU.ActiveCfg = Debug|Any CPU
		{A8FD8BBF-A621-492B-9BC0-C849E0DDD70C}.Debug|Any CPU.Build.0 = Debug|Any CPU
		{A8FD8BBF-A621-492B-9BC0-C849E0DDD70C}.Release|Any CPU.ActiveCfg = Release|Any CPU
		{A8FD8BBF-A621-492B-9BC0-C849E0DDD70C}.Release|Any CPU.Build.0 = Release|Any CPU
	EndGlobalSection
	GlobalSection(SolutionProperties) = preSolution
		HideSolutionNode = FALSE
	EndGlobalSection
	GlobalSection(ExtensibilityGlobals) = postSolution
		SolutionGuid = {C914E0F0-E70D-4BBA-997E-15CE50AE49DA}
	EndGlobalSection
EndGlobal
